{
  "name": "@ryanburnette/html-remove-empty-lines",
  "version": "1.1.6",
  "lockfileVersion": 2,
  "requires": true,
  "packages": {
    "": {
      "name": "@ryanburnette/html-remove-empty-lines",
      "version": "1.1.6",
      "license": "ISC",
      "dependencies": {
        "walk": "^2.3.14"
      },
      "bin": {
        "html-remove-empty-lines": "bin/html-remove-empty-lines.js"
      }
    },
    "node_modules/foreachasync": {
      "version": "3.0.0",
      "resolved": "https://registry.npmjs.org/foreachasync/-/foreachasync-3.0.0.tgz",
      "integrity": "sha1-VQKYfchxS+M5IJfzLgBxyd7gfPY="
    },
    "node_modules/walk": {
      "version": "2.3.14",
      "resolved": "https://registry.npmjs.org/walk/-/walk-2.3.14.tgz",
      "integrity": "sha512-5skcWAUmySj6hkBdH6B6+3ddMjVQYH5Qy9QGbPmN8kVmLteXk+yVXg+yfk1nbX30EYakahLrr8iPcCxJQSCBeg==",
      "dependencies": {
        "foreachasync": "^3.0.0"
      }
    }
  },
  "dependencies": {
    "foreachasync": {
      "version": "3.0.0",
      "resolved": "https://registry.npmjs.org/foreachasync/-/foreachasync-3.0.0.tgz",
      "integrity": "sha1-VQKYfchxS+M5IJfzLgBxyd7gfPY="
    },
    "walk": {
      "version": "2.3.14",
      "resolved": "https://registry.npmjs.org/walk/-/walk-2.3.14.tgz",
      "integrity": "sha512-5skcWAUmySj6hkBdH6B6+3ddMjVQYH5Qy9QGbPmN8kVmLteXk+yVXg+yfk1nbX30EYakahLrr8iPcCxJQSCBeg==",
      "requires": {
        "foreachasync": "^3.0.0"
      }
    }
  }
}
